
Microsoft Visual Studio Solution File, Format Version 11.00
# Visual Studio 2010
Project("{8BC9CEB8-8B4A-11D0-8D11-00A0C91BC942}") = "FxOgreFBX", "FxOgreFBX_vs10.vcxproj", "{16610F07-609E-4E4A-9127-F01681597714}"
EndProject
Project("{8BC9CEB8-8B4A-11D0-8D11-00A0C91BC942}") = "ExecFxOgreFBX", "ExecFxOgreFBX\ExecFxOgreFBX_vs10.vcxproj", "{88F9A739-F82B-4CBF-9263-B4445FEA3822}"
EndProject
Global
	GlobalSection(SolutionConfigurationPlatforms) = preSolution
		Debug|Win32 = Debug|Win32
		Debug|x64 = Debug|x64
		Release|Win32 = Release|Win32
		Release|x64 = Release|x64
	EndGlobalSection
	GlobalSection(ProjectConfigurationPlatforms) = postSolution
		{16610F07-609E-4E4A-9127-F01681597714}.Debug|Win32.ActiveCfg = Debug|Win32
		{16610F07-609E-4E4A-9127-F01681597714}.Debug|Win32.Build.0 = Debug|Win32
		{16610F07-609E-4E4A-9127-F01681597714}.Debug|x64.ActiveCfg = Debug|x64
		{16610F07-609E-4E4A-9127-F01681597714}.Debug|x64.Build.0 = Debug|x64
		{16610F07-609E-4E4A-9127-F01681597714}.Release|Win32.ActiveCfg = Release|Win32
		{16610F07-609E-4E4A-9127-F01681597714}.Release|Win32.Build.0 = Release|Win32
		{16610F07-609E-4E4A-9127-F01681597714}.Release|x64.ActiveCfg = Release|x64
		{16610F07-609E-4E4A-9127-F01681597714}.Release|x64.Build.0 = Release|x64
		{88F9A739-F82B-4CBF-9263-B4445FEA3822}.Debug|Win32.ActiveCfg = Debug|Win32
		{88F9A739-F82B-4CBF-9263-B4445FEA3822}.Debug|Win32.Build.0 = Debug|Win32
		{88F9A739-F82B-4CBF-9263-B4445FEA3822}.Debug|x64.ActiveCfg = Debug|x64
		{88F9A739-F82B-4CBF-9263-B4445FEA3822}.Debug|x64.Build.0 = Debug|x64
		{88F9A739-F82B-4CBF-9263-B4445FEA3822}.Release|Win32.ActiveCfg = Release|Win32
		{88F9A739-F82B-4CBF-9263-B4445FEA3822}.Release|Win32.Build.0 = Release|Win32
		{88F9A739-F82B-4CBF-9263-B4445FEA3822}.Release|x64.ActiveCfg = Release|x64
		{88F9A739-F82B-4CBF-9263-B4445FEA3822}.Release|x64.Build.0 = Release|x64
	EndGlobalSection
	GlobalSection(SolutionProperties) = preSolution
		HideSolutionNode = FALSE
	EndGlobalSection
EndGlobal
