<?xml version="1.0" encoding="utf-8"?>
<Project ToolsVersion="4.0" xmlns="http://schemas.microsoft.com/developer/msbuild/2003">
  <ItemGroup>
    <Filter Include="Inc">
      <UniqueIdentifier>{12391620-0b57-4068-9597-af22d4867948}</UniqueIdentifier>
    </Filter>
    <Filter Include="Src">
      <UniqueIdentifier>{4133e836-01a7-4320-a751-9724af57319f}</UniqueIdentifier>
    </Filter>
  </ItemGroup>
  <ItemGroup>
    <ClInclude Include="Inc\_singleton.h">
      <Filter>Inc</Filter>
    </ClInclude>
    <ClInclude Include="Inc\animation.h">
      <Filter>Inc</Filter>
    </ClInclude>
    <ClInclude Include="Inc\blendshape.h">
      <Filter>Inc</Filter>
    </ClInclude>
    <ClInclude Include="Inc\common.h">
      <Filter>Inc</Filter>
    </ClInclude>
    <ClInclude Include="Inc\FBXSDKCommon.h">
      <Filter>Inc</Filter>
    </ClInclude>
    <ClInclude Include="Inc\FxOgreFBXDLL.h">
      <Filter>Inc</Filter>
    </ClInclude>
    <ClInclude Include="Inc\FxOgreFBXLog.h">
      <Filter>Inc</Filter>
    </ClInclude>
    <ClInclude Include="Inc\material.h">
      <Filter>Inc</Filter>
    </ClInclude>
    <ClInclude Include="Inc\materialSet.h">
      <Filter>Inc</Filter>
    </ClInclude>
    <ClInclude Include="Inc\mesh.h">
      <Filter>Inc</Filter>
    </ClInclude>
    <ClInclude Include="Inc\ogreExporter.h">
      <Filter>Inc</Filter>
    </ClInclude>
    <ClInclude Include="Inc\paramlist.h">
      <Filter>Inc</Filter>
    </ClInclude>
    <ClInclude Include="Inc\scene.h">
      <Filter>Inc</Filter>
    </ClInclude>
    <ClInclude Include="Inc\skeleton.h">
      <Filter>Inc</Filter>
    </ClInclude>
    <ClInclude Include="Inc\submesh.h">
      <Filter>Inc</Filter>
    </ClInclude>
    <ClInclude Include="Inc\vertex.h">
      <Filter>Inc</Filter>
    </ClInclude>
    <ClInclude Include="Inc\xmlsupport.h">
      <Filter>Inc</Filter>
    </ClInclude>
  </ItemGroup>
  <ItemGroup>
    <ClCompile Include="Src\blendshape.cpp">
      <Filter>Src</Filter>
    </ClCompile>
    <ClCompile Include="Src\common.cpp">
      <Filter>Src</Filter>
    </ClCompile>
    <ClCompile Include="Src\FxOgreFBXDLL.cpp">
      <Filter>Src</Filter>
    </ClCompile>
    <ClCompile Include="Src\FxOgreFBXLog.cpp">
      <Filter>Src</Filter>
    </ClCompile>
    <ClCompile Include="Src\material.cpp">
      <Filter>Src</Filter>
    </ClCompile>
    <ClCompile Include="Src\materialSet.cpp">
      <Filter>Src</Filter>
    </ClCompile>
    <ClCompile Include="Src\mesh.cpp">
      <Filter>Src</Filter>
    </ClCompile>
    <ClCompile Include="Src\ogreExporter.cpp">
      <Filter>Src</Filter>
    </ClCompile>
    <ClCompile Include="Src\paramlist.cpp">
      <Filter>Src</Filter>
    </ClCompile>
    <ClCompile Include="Src\scene.cpp">
      <Filter>Src</Filter>
    </ClCompile>
    <ClCompile Include="Src\skeleton.cpp">
      <Filter>Src</Filter>
    </ClCompile>
    <ClCompile Include="Src\submesh.cpp">
      <Filter>Src</Filter>
    </ClCompile>
    <ClCompile Include="Src\xmlsupport.cpp">
      <Filter>Src</Filter>
    </ClCompile>
  </ItemGroup>
  <ItemGroup>
    <None Include="COPYING.txt" />
    <None Include="README.txt" />
  </ItemGroup>
</Project>